
Microsoft Visual Studio Solution File, Format Version 12.00
# Visual Studio Version 17
VisualStudioVersion = 17.4.33205.214
MinimumVisualStudioVersion = 10.0.40219.1
Project("{FAE04EC0-301F-11D3-BF4B-00C04F79EFBC}") = "GameZone", "GameZone\GameZone.csproj", "{3AD90792-9CE0-4454-8967-AFBFDB6864E4}"
EndProject
Global
	GlobalSection(SolutionConfigurationPlatforms) = preSolution
		Debug|Any CPU = Debug|Any CPU
		Release|Any CPU = Release|Any CPU
	EndGlobalSection
	GlobalSection(ProjectConfigurationPlatforms) = postSolution
		{3AD90792-9CE0-4454-8967-AFBFDB6864E4}.Debug|Any CPU.ActiveCfg = Debug|Any CPU
		{3AD90792-9CE0-4454-8967-AFBFDB6864E4}.Debug|Any CPU.Build.0 = Debug|Any CPU
		{3AD90792-9CE0-4454-8967-AFBFDB6864E4}.Release|Any CPU.ActiveCfg = Release|Any CPU
		{3AD90792-9CE0-4454-8967-AFBFDB6864E4}.Release|Any CPU.Build.0 = Release|Any CPU
	EndGlobalSection
	GlobalSection(SolutionProperties) = preSolution
		HideSolutionNode = FALSE
	EndGlobalSection
	GlobalSection(ExtensibilityGlobals) = postSolution
		SolutionGuid = {E2DF3DF5-E098-40A2-9983-08A7A91E87A1}
	EndGlobalSection
EndGlobal
